
Microsoft Visual Studio Solution File, Format Version 12.00
# Visual Studio 15
VisualStudioVersion = 15.0.28307.779
MinimumVisualStudioVersion = 10.0.40219.1
Project("{FAE04EC0-301F-11D3-BF4B-00C04F79EFBC}") = "Kogel.Record", "Kogel.Record\Kogel.Record.csproj", "{DBF952F8-93D8-439C-80EC-396711DD0B40}"
EndProject
Project("{FAE04EC0-301F-11D3-BF4B-00C04F79EFBC}") = "DLL", "DLL\DLL.csproj", "{5EE90CFE-DB42-4838-AE48-9ED6E74EA55C}"
EndProject
Project("{FAE04EC0-301F-11D3-BF4B-00C04F79EFBC}") = "Kogel.Record.Test", "Kogel.Record.Test\Kogel.Record.Test.csproj", "{1CBF496A-F2AE-471E-8208-10E8E9EF21E0}"
EndProject
Global
	GlobalSection(SolutionConfigurationPlatforms) = preSolution
		Debug|Any CPU = Debug|Any CPU
		Release|Any CPU = Release|Any CPU
	EndGlobalSection
	GlobalSection(ProjectConfigurationPlatforms) = postSolution
		{DBF952F8-93D8-439C-80EC-396711DD0B40}.Debug|Any CPU.ActiveCfg = Debug|Any CPU
		{DBF952F8-93D8-439C-80EC-396711DD0B40}.Debug|Any CPU.Build.0 = Debug|Any CPU
		{DBF952F8-93D8-439C-80EC-396711DD0B40}.Release|Any CPU.ActiveCfg = Release|Any CPU
		{DBF952F8-93D8-439C-80EC-396711DD0B40}.Release|Any CPU.Build.0 = Release|Any CPU
		{5EE90CFE-DB42-4838-AE48-9ED6E74EA55C}.Debug|Any CPU.ActiveCfg = Debug|Any CPU
		{5EE90CFE-DB42-4838-AE48-9ED6E74EA55C}.Debug|Any CPU.Build.0 = Debug|Any CPU
		{5EE90CFE-DB42-4838-AE48-9ED6E74EA55C}.Release|Any CPU.ActiveCfg = Release|Any CPU
		{5EE90CFE-DB42-4838-AE48-9ED6E74EA55C}.Release|Any CPU.Build.0 = Release|Any CPU
		{1CBF496A-F2AE-471E-8208-10E8E9EF21E0}.Debug|Any CPU.ActiveCfg = Debug|Any CPU
		{1CBF496A-F2AE-471E-8208-10E8E9EF21E0}.Debug|Any CPU.Build.0 = Debug|Any CPU
		{1CBF496A-F2AE-471E-8208-10E8E9EF21E0}.Release|Any CPU.ActiveCfg = Release|Any CPU
		{1CBF496A-F2AE-471E-8208-10E8E9EF21E0}.Release|Any CPU.Build.0 = Release|Any CPU
	EndGlobalSection
	GlobalSection(SolutionProperties) = preSolution
		HideSolutionNode = FALSE
	EndGlobalSection
	GlobalSection(ExtensibilityGlobals) = postSolution
		SolutionGuid = {29702CDB-CB5E-4139-AA97-0F93A950CE7A}
	EndGlobalSection
EndGlobal
